
Microsoft Visual Studio Solution File, Format Version 12.00
# Visual Studio Version 17
VisualStudioVersion = 17.0.32112.339
MinimumVisualStudioVersion = 10.0.40219.1
Project("{FAE04EC0-301F-11D3-BF4B-00C04F79EFBC}") = "clustering-console-app", "clustering-console-app.csproj", "{C87234C3-31CF-46CB-9907-883667516B2D}"
EndProject
Global
	GlobalSection(SolutionConfigurationPlatforms) = preSolution
		Debug|Any CPU = Debug|Any CPU
		Release|Any CPU = Release|Any CPU
	EndGlobalSection
	GlobalSection(ProjectConfigurationPlatforms) = postSolution
		{C87234C3-31CF-46CB-9907-883667516B2D}.Debug|Any CPU.ActiveCfg = Debug|Any CPU
		{C87234C3-31CF-46CB-9907-883667516B2D}.Debug|Any CPU.Build.0 = Debug|Any CPU
		{C87234C3-31CF-46CB-9907-883667516B2D}.Release|Any CPU.ActiveCfg = Release|Any CPU
		{C87234C3-31CF-46CB-9907-883667516B2D}.Release|Any CPU.Build.0 = Release|Any CPU
	EndGlobalSection
	GlobalSection(SolutionProperties) = preSolution
		HideSolutionNode = FALSE
	EndGlobalSection
	GlobalSection(ExtensibilityGlobals) = postSolution
		SolutionGuid = {9E11DBE6-3DFE-423F-B88B-2C3C7DFEB987}
	EndGlobalSection
EndGlobal
